
Microsoft Visual Studio Solution File, Format Version 12.00
# Visual Studio Version 17
VisualStudioVersion = 17.3.32819.101
MinimumVisualStudioVersion = 10.0.40219.1
Project("{9A19103F-16F7-4668-BE54-9A1E7A4F7556}") = "OVN17", "OVN17\OVN17.csproj", "{703EA6B1-D567-4CAC-BD19-21C2E39B51FE}"
EndProject
Global
	GlobalSection(SolutionConfigurationPlatforms) = preSolution
		Debug|Any CPU = Debug|Any CPU
		Release|Any CPU = Release|Any CPU
	EndGlobalSection
	GlobalSection(ProjectConfigurationPlatforms) = postSolution
		{703EA6B1-D567-4CAC-BD19-21C2E39B51FE}.Debug|Any CPU.ActiveCfg = Debug|Any CPU
		{703EA6B1-D567-4CAC-BD19-21C2E39B51FE}.Debug|Any CPU.Build.0 = Debug|Any CPU
		{703EA6B1-D567-4CAC-BD19-21C2E39B51FE}.Release|Any CPU.ActiveCfg = Release|Any CPU
		{703EA6B1-D567-4CAC-BD19-21C2E39B51FE}.Release|Any CPU.Build.0 = Release|Any CPU
	EndGlobalSection
	GlobalSection(SolutionProperties) = preSolution
		HideSolutionNode = FALSE
	EndGlobalSection
	GlobalSection(ExtensibilityGlobals) = postSolution
		SolutionGuid = {AB0B2A10-595B-4D51-BF4E-9C54E10D5113}
	EndGlobalSection
EndGlobal
